
Microsoft Visual Studio Solution File, Format Version 12.00
# Visual Studio Version 17
VisualStudioVersion = 17.0.31611.283
MinimumVisualStudioVersion = 10.0.40219.1
Project("{2150E333-8FDC-42A3-9474-1A3956D46DE8}") = "EL.MinisRobot.Window", "EL.MinisRobot.Window", "{98602AC9-5682-4A5A-82C0-F3AF17C534F5}"
EndProject
Project("{FAE04EC0-301F-11D3-BF4B-00C04F79EFBC}") = "EL.Robot.Cmd", "EL.Robot.Window\EL.Robot.Cmd\EL.Robot.Cmd.csproj", "{FD2BE8D7-3EBA-46B0-9F51-65FBCDB791B9}"
EndProject
Global
	GlobalSection(SolutionConfigurationPlatforms) = preSolution
		Debug|Any CPU = Debug|Any CPU
		Release|Any CPU = Release|Any CPU
	EndGlobalSection
	GlobalSection(ProjectConfigurationPlatforms) = postSolution
		{FD2BE8D7-3EBA-46B0-9F51-65FBCDB791B9}.Debug|Any CPU.ActiveCfg = Debug|Any CPU
		{FD2BE8D7-3EBA-46B0-9F51-65FBCDB791B9}.Debug|Any CPU.Build.0 = Debug|Any CPU
		{FD2BE8D7-3EBA-46B0-9F51-65FBCDB791B9}.Release|Any CPU.ActiveCfg = Release|Any CPU
		{FD2BE8D7-3EBA-46B0-9F51-65FBCDB791B9}.Release|Any CPU.Build.0 = Release|Any CPU
	EndGlobalSection
	GlobalSection(SolutionProperties) = preSolution
		HideSolutionNode = FALSE
	EndGlobalSection
	GlobalSection(NestedProjects) = preSolution
		{FD2BE8D7-3EBA-46B0-9F51-65FBCDB791B9} = {98602AC9-5682-4A5A-82C0-F3AF17C534F5}
	EndGlobalSection
	GlobalSection(ExtensibilityGlobals) = postSolution
		SolutionGuid = {61F7FB11-1E47-470C-91E2-47F8143E1572}
	EndGlobalSection
EndGlobal
